
Microsoft Visual Studio Solution File, Format Version 12.00
# Visual Studio 15
VisualStudioVersion = 15.0.27428.2037
MinimumVisualStudioVersion = 10.0.40219.1
Project("{FAE04EC0-301F-11D3-BF4B-00C04F79EFBC}") = "Departamentos Seguimiento 2018", "Departamentos Seguimiento 2018\Departamentos Seguimiento 2018.csproj", "{7133AE5E-C123-438A-8267-5FCBBFEB744B}"
EndProject
Project("{2150E333-8FDC-42A3-9474-1A3956D46DE8}") = "Solution Items", "Solution Items", "{DCA61F4B-31FA-4C09-9148-567A5037BCF8}"
EndProject
Global
	GlobalSection(SolutionConfigurationPlatforms) = preSolution
		Debug|Any CPU = Debug|Any CPU
		Release|Any CPU = Release|Any CPU
	EndGlobalSection
	GlobalSection(ProjectConfigurationPlatforms) = postSolution
		{7133AE5E-C123-438A-8267-5FCBBFEB744B}.Debug|Any CPU.ActiveCfg = Debug|Any CPU
		{7133AE5E-C123-438A-8267-5FCBBFEB744B}.Debug|Any CPU.Build.0 = Debug|Any CPU
		{7133AE5E-C123-438A-8267-5FCBBFEB744B}.Release|Any CPU.ActiveCfg = Release|Any CPU
		{7133AE5E-C123-438A-8267-5FCBBFEB744B}.Release|Any CPU.Build.0 = Release|Any CPU
	EndGlobalSection
	GlobalSection(SolutionProperties) = preSolution
		HideSolutionNode = FALSE
	EndGlobalSection
	GlobalSection(ExtensibilityGlobals) = postSolution
		SolutionGuid = {3471F3CC-D57A-4AFC-8139-985E2BF820D2}
	EndGlobalSection
EndGlobal
